
Microsoft Visual Studio Solution File, Format Version 12.00
# Visual Studio Version 16
VisualStudioVersion = 25.0.1705.2
MinimumVisualStudioVersion = 10.0.40219.1
Project("{FAE04EC0-301F-11D3-BF4B-00C04F79EFBC}") = "IdentityExperimentPart1", "IdentityExperimentPart1.csproj", "{598C42F0-4F57-4B65-9525-7F1C74CC687C}"
EndProject
Global
	GlobalSection(SolutionConfigurationPlatforms) = preSolution
		Debug|Any CPU = Debug|Any CPU
		Release|Any CPU = Release|Any CPU
	EndGlobalSection
	GlobalSection(ProjectConfigurationPlatforms) = postSolution
		{598C42F0-4F57-4B65-9525-7F1C74CC687C}.Debug|Any CPU.ActiveCfg = Debug|Any CPU
		{598C42F0-4F57-4B65-9525-7F1C74CC687C}.Debug|Any CPU.Build.0 = Debug|Any CPU
		{598C42F0-4F57-4B65-9525-7F1C74CC687C}.Release|Any CPU.ActiveCfg = Release|Any CPU
		{598C42F0-4F57-4B65-9525-7F1C74CC687C}.Release|Any CPU.Build.0 = Release|Any CPU
	EndGlobalSection
	GlobalSection(SolutionProperties) = preSolution
		HideSolutionNode = FALSE
	EndGlobalSection
	GlobalSection(ExtensibilityGlobals) = postSolution
		SolutionGuid = {89900022-6E58-4666-9780-FD3E417581D3}
	EndGlobalSection
EndGlobal
